
Microsoft Visual Studio Solution File, Format Version 12.00
# Visual Studio Version 16
VisualStudioVersion = 16.0.31424.327
MinimumVisualStudioVersion = 10.0.40219.1
Project("{9A19103F-16F7-4668-BE54-9A1E7A4F7556}") = "BookingProject", "BookingProject\BookingProject.csproj", "{D52E0F44-2FF4-482E-B625-7337EAF88960}"
EndProject
Project("{9A19103F-16F7-4668-BE54-9A1E7A4F7556}") = "BookingProject.Tests", "BookingProject.Tests\BookingProject.Tests.csproj", "{6E29647C-DA2E-4F61-A2E0-8EC45C98B571}"
EndProject
Project("{FAE04EC0-301F-11D3-BF4B-00C04F79EFBC}") = "MetaWeatherProject.Tests", "MetaWeatherProject.Tests\MetaWeatherProject.Tests.csproj", "{92A12F5C-7E62-4F49-B97B-52F51F33B687}"
EndProject
Global
	GlobalSection(SolutionConfigurationPlatforms) = preSolution
		Debug|Any CPU = Debug|Any CPU
		Release|Any CPU = Release|Any CPU
	EndGlobalSection
	GlobalSection(ProjectConfigurationPlatforms) = postSolution
		{D52E0F44-2FF4-482E-B625-7337EAF88960}.Debug|Any CPU.ActiveCfg = Debug|Any CPU
		{D52E0F44-2FF4-482E-B625-7337EAF88960}.Debug|Any CPU.Build.0 = Debug|Any CPU
		{D52E0F44-2FF4-482E-B625-7337EAF88960}.Release|Any CPU.ActiveCfg = Release|Any CPU
		{D52E0F44-2FF4-482E-B625-7337EAF88960}.Release|Any CPU.Build.0 = Release|Any CPU
		{6E29647C-DA2E-4F61-A2E0-8EC45C98B571}.Debug|Any CPU.ActiveCfg = Debug|Any CPU
		{6E29647C-DA2E-4F61-A2E0-8EC45C98B571}.Debug|Any CPU.Build.0 = Debug|Any CPU
		{6E29647C-DA2E-4F61-A2E0-8EC45C98B571}.Release|Any CPU.ActiveCfg = Release|Any CPU
		{6E29647C-DA2E-4F61-A2E0-8EC45C98B571}.Release|Any CPU.Build.0 = Release|Any CPU
		{92A12F5C-7E62-4F49-B97B-52F51F33B687}.Debug|Any CPU.ActiveCfg = Debug|Any CPU
		{92A12F5C-7E62-4F49-B97B-52F51F33B687}.Debug|Any CPU.Build.0 = Debug|Any CPU
		{92A12F5C-7E62-4F49-B97B-52F51F33B687}.Release|Any CPU.ActiveCfg = Release|Any CPU
		{92A12F5C-7E62-4F49-B97B-52F51F33B687}.Release|Any CPU.Build.0 = Release|Any CPU
	EndGlobalSection
	GlobalSection(SolutionProperties) = preSolution
		HideSolutionNode = FALSE
	EndGlobalSection
	GlobalSection(ExtensibilityGlobals) = postSolution
		SolutionGuid = {35A5BF99-4BA6-4DD1-87E5-132D6BC39506}
	EndGlobalSection
EndGlobal
